// !$*UTF8*$!
{
	archiveVersion = 1;
	classes = {
	};
	objectVersion = 46;
	objects = {

/* Begin PBXBuildFile section */
		C523A9391B0E0E4800B96F94 /* AppDelegate.swift in Sources */ = {isa = PBXBuildFile; fileRef = C523A9381B0E0E4800B96F94 /* AppDelegate.swift */; };
		C523A93B1B0E0E4800B96F94 /* ViewController.swift in Sources */ = {isa = PBXBuildFile; fileRef = C523A93A1B0E0E4800B96F94 /* ViewController.swift */; };
		C523A93E1B0E0E4800B96F94 /* Main.storyboard in Resources */ = {isa = PBXBuildFile; fileRef = C523A93C1B0E0E4800B96F94 /* Main.storyboard */; };
		C523A9401B0E0E4800B96F94 /* Images.xcassets in Resources */ = {isa = PBXBuildFile; fileRef = C523A93F1B0E0E4800B96F94 /* Images.xcassets */; };
		C523A9431B0E0E4800B96F94 /* LaunchScreen.xib in Resources */ = {isa = PBXBuildFile; fileRef = C523A9411B0E0E4800B96F94 /* LaunchScreen.xib */; };
		C523A94F1B0E0E4900B96F94 /* AvatarTests.swift in Sources */ = {isa = PBXBuildFile; fileRef = C523A94E1B0E0E4900B96F94 /* AvatarTests.swift */; };
/* End PBXBuildFile section */

/* Begin PBXContainerItemProxy section */
		C523A9491B0E0E4900B96F94 /* PBXContainerItemProxy */ = {
			isa = PBXContainerItemProxy;
			containerPortal = C523A92B1B0E0E4800B96F94 /* Project object */;
			proxyType = 1;
			remoteGlobalIDString = C523A9321B0E0E4800B96F94;
			remoteInfo = Avatar;
		};
/* End PBXContainerItemProxy section */

/* Begin PBXFileReference section */
		C523A9331B0E0E4800B96F94 /* Avatar.app */ = {isa = PBXFileReference; explicitFileType = wrapper.application; includeInIndex = 0; path = Avatar.app; sourceTree = BUILT_PRODUCTS_DIR; };
		C523A9371B0E0E4800B96F94 /* Info.plist */ = {isa = PBXFileReference; lastKnownFileType = text.plist.xml; path = Info.plist; sourceTree = "<group>"; };
		C523A9381B0E0E4800B96F94 /* AppDelegate.swift */ = {isa = PBXFileReference; lastKnownFileType = sourcecode.swift; path = AppDelegate.swift; sourceTree = "<group>"; };
		C523A93A1B0E0E4800B96F94 /* ViewController.swift */ = {isa = PBXFileReference; lastKnownFileType = sourcecode.swift; path = ViewController.swift; sourceTree = "<group>"; };
		C523A93D1B0E0E4800B96F94 /* Base */ = {isa = PBXFileReference; lastKnownFileType = file.storyboard; name = Base; path = Base.lproj/Main.storyboard; sourceTree = "<group>"; };
		C523A93F1B0E0E4800B96F94 /* Images.xcassets */ = {isa = PBXFileReference; lastKnownFileType = folder.assetcatalog; path = Images.xcassets; sourceTree = "<group>"; };
		C523A9421B0E0E4800B96F94 /* Base */ = {isa = PBXFileReference; lastKnownFileType = file.xib; name = Base; path = Base.lproj/LaunchScreen.xib; sourceTree = "<group>"; };
		C523A9481B0E0E4900B96F94 /* AvatarTests.xctest */ = {isa = PBXFileReference; explicitFileType = wrapper.cfbundle; includeInIndex = 0; path = AvatarTests.xctest; sourceTree = BUILT_PRODUCTS_DIR; };
		C523A94D1B0E0E4900B96F94 /* Info.plist */ = {isa = PBXFileReference; lastKnownFileType = text.plist.xml; path = Info.plist; sourceTree = "<group>"; };
		C523A94E1B0E0E4900B96F94 /* AvatarTests.swift */ = {isa = PBXFileReference; lastKnownFileType = sourcecode.swift; path = AvatarTests.swift; sourceTree = "<group>"; };
/* End PBXFileReference section */

/* Begin PBXFrameworksBuildPhase section */
		C523A9301B0E0E4800B96F94 /* Frameworks */ = {
			isa = PBXFrameworksBuildPhase;
			buildActionMask = 2147483647;
			files = (
			);
			runOnlyForDeploymentPostprocessing = 0;
		};
		C523A9451B0E0E4900B96F94 /* Frameworks */ = {
			isa = PBXFrameworksBuildPhase;
			buildActionMask = 2147483647;
			files = (
			);
			runOnlyForDeploymentPostprocessing = 0;
		};
/* End PBXFrameworksBuildPhase section */

/* Begin PBXGroup section */
		C523A92A1B0E0E4800B96F94 = {
			isa = PBXGroup;
			children = (
				C523A9351B0E0E4800B96F94 /* Avatar */,
				C523A94B1B0E0E4900B96F94 /* AvatarTests */,
				C523A9341B0E0E4800B96F94 /* Products */,
			);
			sourceTree = "<group>";
		};
		C523A9341B0E0E4800B96F94 /* Products */ = {
			isa = PBXGroup;
			children = (
				C523A9331B0E0E4800B96F94 /* Avatar.app */,
				C523A9481B0E0E4900B96F94 /* AvatarTests.xctest */,
			);
			name = Products;
			sourceTree = "<group>";
		};
		C523A9351B0E0E4800B96F94 /* Avatar */ = {
			isa = PBXGroup;
			children = (
				C523A9381B0E0E4800B96F94 /* AppDelegate.swift */,
				C523A93A1B0E0E4800B96F94 /* ViewController.swift */,
				C523A93C1B0E0E4800B96F94 /* Main.storyboard */,
				C523A93F1B0E0E4800B96F94 /* Images.xcassets */,
				C523A9411B0E0E4800B96F94 /* LaunchScreen.xib */,
				C523A9361B0E0E4800B96F94 /* Supporting Files */,
			);
			path = Avatar;
			sourceTree = "<group>";
		};
		C523A9361B0E0E4800B96F94 /* Supporting Files */ = {
			isa = PBXGroup;
			children = (
				C523A9371B0E0E4800B96F94 /* Info.plist */,
			);
			name = "Supporting Files";
			sourceTree = "<group>";
		};
		C523A94B1B0E0E4900B96F94 /* AvatarTests */ = {
			isa = PBXGroup;
			children = (
				C523A94E1B0E0E4900B96F94 /* AvatarTests.swift */,
				C523A94C1B0E0E4900B96F94 /* Supporting Files */,
			);
			path = AvatarTests;
			sourceTree = "<group>";
		};
		C523A94C1B0E0E4900B96F94 /* Supporting Files */ = {
			isa = PBXGroup;
			children = (
				C523A94D1B0E0E4900B96F94 /* Info.plist */,
			);
			name = "Supporting Files";
			sourceTree = "<group>";
		};
/* End PBXGroup section */

/* Begin PBXNativeTarget section */
		C523A9321B0E0E4800B96F94 /* Avatar */ = {
			isa = PBXNativeTarget;
			buildConfigurationList = C523A9521B0E0E4900B96F94 /* Build configuration list for PBXNativeTarget "Avatar" */;
			buildPhases = (
				C523A92F1B0E0E4800B96F94 /* Sources */,
				C523A9301B0E0E4800B96F94 /* Frameworks */,
				C523A9311B0E0E4800B96F94 /* Resources */,
			);
			buildRules = (
			);
			dependencies = (
			);
			name = Avatar;
			productName = Avatar;
			productReference = C523A9331B0E0E4800B96F94 /* Avatar.app */;
			productType = "com.apple.product-type.application";
		};
		C523A9471B0E0E4900B96F94 /* AvatarTests */ = {
			isa = PBXNativeTarget;
			buildConfigurationList = C523A9551B0E0E4900B96F94 /* Build configuration list for PBXNativeTarget "AvatarTests" */;
			buildPhases = (
				C523A9441B0E0E4900B96F94 /* Sources */,
				C523A9451B0E0E4900B96F94 /* Frameworks */,
				C523A9461B0E0E4900B96F94 /* Resources */,
			);
			buildRules = (
			);
			dependencies = (
				C523A94A1B0E0E4900B96F94 /* PBXTargetDependency */,
			);
			name = AvatarTests;
			productName = AvatarTests;
			productReference = C523A9481B0E0E4900B96F94 /* AvatarTests.xctest */;
			productType = "com.apple.product-type.bundle.unit-test";
		};
/* End PBXNativeTarget section */

/* Begin PBXProject section */
		C523A92B1B0E0E4800B96F94 /* Project object */ = {
			isa = PBXProject;
			attributes = {
				LastUpgradeCheck = 0630;
				ORGANIZATIONNAME = "Srikanth Ganji";
				TargetAttributes = {
					C523A9321B0E0E4800B96F94 = {
						CreatedOnToolsVersion = 6.3.2;
					};
					C523A9471B0E0E4900B96F94 = {
						CreatedOnToolsVersion = 6.3.2;
						TestTargetID = C523A9321B0E0E4800B96F94;
					};
				};
			};
			buildConfigurationList = C523A92E1B0E0E4800B96F94 /* Build configuration list for PBXProject "Avatar" */;
			compatibilityVersion = "Xcode 3.2";
			developmentRegion = English;
			hasScannedForEncodings = 0;
			knownRegions = (
				en,
				Base,
			);
			mainGroup = C523A92A1B0E0E4800B96F94;
			productRefGroup = C523A9341B0E0E4800B96F94 /* Products */;
			projectDirPath = "";
			projectRoot = "";
			targets = (
				C523A9321B0E0E4800B96F94 /* Avatar */,
				C523A9471B0E0E4900B96F94 /* AvatarTests */,
			);
		};
/* End PBXProject section */

/* Begin PBXResourcesBuildPhase section */
		C523A9311B0E0E4800B96F94 /* Resources */ = {
			isa = PBXResourcesBuildPhase;
			buildActionMask = 2147483647;
			files = (
				C523A93E1B0E0E4800B96F94 /* Main.storyboard in Resources */,
				C523A9431B0E0E4800B96F94 /* LaunchScreen.xib in Resources */,
				C523A9401B0E0E4800B96F94 /* Images.xcassets in Resources */,
			);
			runOnlyForDeploymentPostprocessing = 0;
		};
		C523A9461B0E0E4900B96F94 /* Resources */ = {
			isa = PBXResourcesBuildPhase;
			buildActionMask = 2147483647;
			files = (
			);
			runOnlyForDeploymentPostprocessing = 0;
		};
/* End PBXResourcesBuildPhase section */

/* Begin PBXSourcesBuildPhase section */
		C523A92F1B0E0E4800B96F94 /* Sources */ = {
			isa = PBXSourcesBuildPhase;
			buildActionMask = 2147483647;
			files = (
				C523A93B1B0E0E4800B96F94 /* ViewController.swift in Sources */,
				C523A9391B0E0E4800B96F94 /* AppDelegate.swift in Sources */,
			);
			runOnlyForDeploymentPostprocessing = 0;
		};
		C523A9441B0E0E4900B96F94 /* Sources */ = {
			isa = PBXSourcesBuildPhase;
			buildActionMask = 2147483647;
			files = (
				C523A94F1B0E0E4900B96F94 /* AvatarTests.swift in Sources */,
			);
			runOnlyForDeploymentPostprocessing = 0;
		};
/* End PBXSourcesBuildPhase section */

/* Begin PBXTargetDependency section */
		C523A94A1B0E0E4900B96F94 /* PBXTargetDependency */ = {
			isa = PBXTargetDependency;
			target = C523A9321B0E0E4800B96F94 /* Avatar */;
			targetProxy = C523A9491B0E0E4900B96F94 /* PBXContainerItemProxy */;
		};
/* End PBXTargetDependency section */

/* Begin PBXVariantGroup section */
		C523A93C1B0E0E4800B96F94 /* Main.storyboard */ = {
			isa = PBXVariantGroup;
			children = (
				C523A93D1B0E0E4800B96F94 /* Base */,
			);
			name = Main.storyboard;
			sourceTree = "<group>";
		};
		C523A9411B0E0E4800B96F94 /* LaunchScreen.xib */ = {
			isa = PBXVariantGroup;
			children = (
				C523A9421B0E0E4800B96F94 /* Base */,
			);
			name = LaunchScreen.xib;
			sourceTree = "<group>";
		};
/* End PBXVariantGroup section */

/* Begin XCBuildConfiguration section */
		C523A9501B0E0E4900B96F94 /* Debug */ = {
			isa = XCBuildConfiguration;
			buildSettings = {
				ALWAYS_SEARCH_USER_PATHS = NO;
				CLANG_CXX_LANGUAGE_STANDARD = "gnu++0x";
				CLANG_CXX_LIBRARY = "libc++";
				CLANG_ENABLE_MODULES = YES;
				CLANG_ENABLE_OBJC_ARC = YES;
				CLANG_WARN_BOOL_CONVERSION = YES;
				CLANG_WARN_CONSTANT_CONVERSION = YES;
				CLANG_WARN_DIRECT_OBJC_ISA_USAGE = YES_ERROR;
				CLANG_WARN_EMPTY_BODY = YES;
				CLANG_WARN_ENUM_CONVERSION = YES;
				CLANG_WARN_INT_CONVERSION = YES;
				CLANG_WARN_OBJC_ROOT_CLASS = YES_ERROR;
				CLANG_WARN_UNREACHABLE_CODE = YES;
				CLANG_WARN__DUPLICATE_METHOD_MATCH = YES;
				"CODE_SIGN_IDENTITY[sdk=iphoneos*]" = "iPhone Developer";
				COPY_PHASE_STRIP = NO;
				DEBUG_INFORMATION_FORMAT = "dwarf-with-dsym";
				ENABLE_STRICT_OBJC_MSGSEND = YES;
				GCC_C_LANGUAGE_STANDARD = gnu99;
				GCC_DYNAMIC_NO_PIC = NO;
				GCC_NO_COMMON_BLOCKS = YES;
				GCC_OPTIMIZATION_LEVEL = 0;
				GCC_PREPROCESSOR_DEFINITIONS = (
					"DEBUG=1",
					"$(inherited)",
				);
				GCC_SYMBOLS_PRIVATE_EXTERN = NO;
				GCC_WARN_64_TO_32_BIT_CONVERSION = YES;
				GCC_WARN_ABOUT_RETURN_TYPE = YES_ERROR;
				GCC_WARN_UNDECLARED_SELECTOR = YES;
				GCC_WARN_UNINITIALIZED_AUTOS = YES_AGGRESSIVE;
				GCC_WARN_UNUSED_FUNCTION = YES;
				GCC_WARN_UNUSED_VARIABLE = YES;
				IPHONEOS_DEPLOYMENT_TARGET = 8.3;
				MTL_ENABLE_DEBUG_INFO = YES;
				ONLY_ACTIVE_ARCH = YES;
				SDKROOT = iphoneos;
				SWIFT_OPTIMIZATION_LEVEL = "-Onone";
			};
			name = Debug;
		};
		C523A9511B0E0E4900B96F94 /* Release */ = {
			isa = XCBuildConfiguration;
			buildSettings = {
				ALWAYS_SEARCH_USER_PATHS = NO;
				CLANG_CXX_LANGUAGE_STANDARD = "gnu++0x";
				CLANG_CXX_LIBRARY = "libc++";
				CLANG_ENABLE_MODULES = YES;
				CLANG_ENABLE_OBJC_ARC = YES;
				CLANG_WARN_BOOL_CONVERSION = YES;
				CLANG_WARN_CONSTANT_CONVERSION = YES;
				CLANG_WARN_DIRECT_OBJC_ISA_USAGE = YES_ERROR;
				CLANG_WARN_EMPTY_BODY = YES;
				CLANG_WARN_ENUM_CONVERSION = YES;
				CLANG_WARN_INT_CONVERSION = YES;
				CLANG_WARN_OBJC_ROOT_CLASS = YES_ERROR;
				CLANG_WARN_UNREACHABLE_CODE = YES;
				CLANG_WARN__DUPLICATE_METHOD_MATCH = YES;
				"CODE_SIGN_IDENTITY[sdk=iphoneos*]" = "iPhone Developer";
				COPY_PHASE_STRIP = NO;
				DEBUG_INFORMATION_FORMAT = "dwarf-with-dsym";
				ENABLE_NS_ASSERTIONS = NO;
				ENABLE_STRICT_OBJC_MSGSEND = YES;
				GCC_C_LANGUAGE_STANDARD = gnu99;
				GCC_NO_COMMON_BLOCKS = YES;
				GCC_WARN_64_TO_32_BIT_CONVERSION = YES;
				GCC_WARN_ABOUT_RETURN_TYPE = YES_ERROR;
				GCC_WARN_UNDECLARED_SELECTOR = YES;
				GCC_WARN_UNINITIALIZED_AUTOS = YES_AGGRESSIVE;
				GCC_WARN_UNUSED_FUNCTION = YES;
				GCC_WARN_UNUSED_VARIABLE = YES;
				IPHONEOS_DEPLOYMENT_TARGET = 8.3;
				MTL_ENABLE_DEBUG_INFO = NO;
				SDKROOT = iphoneos;
				VALIDATE_PRODUCT = YES;
			};
			name = Release;
		};
		C523A9531B0E0E4900B96F94 /* Debug */ = {
			isa = XCBuildConfiguration;
			buildSettings = {
				ASSETCATALOG_COMPILER_APPICON_NAME = AppIcon;
				INFOPLIST_FILE = Avatar/Info.plist;
				IPHONEOS_DEPLOYMENT_TARGET = 7.0;
				LD_RUNPATH_SEARCH_PATHS = "$(inherited) @executable_path/Frameworks";
				PRODUCT_NAME = "$(TARGET_NAME)";
			};
			name = Debug;
		};
		C523A9541B0E0E4900B96F94 /* Release */ = {
			isa = XCBuildConfiguration;
			buildSettings = {
				ASSETCATALOG_COMPILER_APPICON_NAME = AppIcon;
				INFOPLIST_FILE = Avatar/Info.plist;
				IPHONEOS_DEPLOYMENT_TARGET = 7.0;
				LD_RUNPATH_SEARCH_PATHS = "$(inherited) @executable_path/Frameworks";
				PRODUCT_NAME = "$(TARGET_NAME)";
			};
			name = Release;
		};
		C523A9561B0E0E4900B96F94 /* Debug */ = {
			isa = XCBuildConfiguration;
			buildSettings = {
				BUNDLE_LOADER = "$(TEST_HOST)";
				FRAMEWORK_SEARCH_PATHS = (
					"$(SDKROOT)/Developer/Library/Frameworks",
					"$(inherited)",
				);
				GCC_PREPROCESSOR_DEFINITIONS = (
					"DEBUG=1",
					"$(inherited)",
				);
				INFOPLIST_FILE = AvatarTests/Info.plist;
				LD_RUNPATH_SEARCH_PATHS = "$(inherited) @executable_path/Frameworks @loader_path/Frameworks";
				PRODUCT_NAME = "$(TARGET_NAME)";
				TEST_HOST = "$(BUILT_PRODUCTS_DIR)/Avatar.app/Avatar";
			};
			name = Debug;
		};
		C523A9571B0E0E4900B96F94 /* Release */ = {
			isa = XCBuildConfiguration;
			buildSettings = {
				BUNDLE_LOADER = "$(TEST_HOST)";
				FRAMEWORK_SEARCH_PATHS = (
					"$(SDKROOT)/Developer/Library/Frameworks",
					"$(inherited)",
				);
				INFOPLIST_FILE = AvatarTests/Info.plist;
				LD_RUNPATH_SEARCH_PATHS = "$(inherited) @executable_path/Frameworks @loader_path/Frameworks";
				PRODUCT_NAME = "$(TARGET_NAME)";
				TEST_HOST = "$(BUILT_PRODUCTS_DIR)/Avatar.app/Avatar";
			};
			name = Release;
		};
/* End XCBuildConfiguration section */

/* Begin XCConfigurationList section */
		C523A92E1B0E0E4800B96F94 /* Build configuration list for PBXProject "Avatar" */ = {
			isa = XCConfigurationList;
			buildConfigurations = (
				C523A9501B0E0E4900B96F94 /* Debug */,
				C523A9511B0E0E4900B96F94 /* Release */,
			);
			defaultConfigurationIsVisible = 0;
			defaultConfigurationName = Release;
		};
		C523A9521B0E0E4900B96F94 /* Build configuration list for PBXNativeTarget "Avatar" */ = {
			isa = XCConfigurationList;
			buildConfigurations = (
				C523A9531B0E0E4900B96F94 /* Debug */,
				C523A9541B0E0E4900B96F94 /* Release */,
			);
			defaultConfigurationIsVisible = 0;
		};
		C523A9551B0E0E4900B96F94 /* Build configuration list for PBXNativeTarget "AvatarTests" */ = {
			isa = XCConfigurationList;
			buildConfigurations = (
				C523A9561B0E0E4900B96F94 /* Debug */,
				C523A9571B0E0E4900B96F94 /* Release */,
			);
			defaultConfigurationIsVisible = 0;
		};
/* End XCConfigurationList section */
	};
	rootObject = C523A92B1B0E0E4800B96F94 /* Project object */;
}
